
Microsoft Visual Studio Solution File, Format Version 12.00
# Visual Studio Version 17
VisualStudioVersion = 17.13.35806.99 d17.13
MinimumVisualStudioVersion = 10.0.40219.1
Project("{FAE04EC0-301F-11D3-BF4B-00C04F79EFBC}") = "PDF_watermarker", "PDF_watermarker\PDF_watermarker.csproj", "{5B81E210-63EA-4D91-9188-D0B39F524CEE}"
EndProject
Global
	GlobalSection(SolutionConfigurationPlatforms) = preSolution
		Debug|Any CPU = Debug|Any CPU
		Release|Any CPU = Release|Any CPU
	EndGlobalSection
	GlobalSection(ProjectConfigurationPlatforms) = postSolution
		{5B81E210-63EA-4D91-9188-D0B39F524CEE}.Debug|Any CPU.ActiveCfg = Debug|Any CPU
		{5B81E210-63EA-4D91-9188-D0B39F524CEE}.Debug|Any CPU.Build.0 = Debug|Any CPU
		{5B81E210-63EA-4D91-9188-D0B39F524CEE}.Release|Any CPU.ActiveCfg = Release|Any CPU
		{5B81E210-63EA-4D91-9188-D0B39F524CEE}.Release|Any CPU.Build.0 = Release|Any CPU
	EndGlobalSection
	GlobalSection(SolutionProperties) = preSolution
		HideSolutionNode = FALSE
	EndGlobalSection
	GlobalSection(ExtensibilityGlobals) = postSolution
		SolutionGuid = {4676EE0C-FC11-49BD-B3E6-2666E16EE8FE}
	EndGlobalSection
EndGlobal
